
Microsoft Visual Studio Solution File, Format Version 12.00
# Visual Studio Version 17
VisualStudioVersion = 17.0.32112.339
MinimumVisualStudioVersion = 10.0.40219.1
Project("{FAE04EC0-301F-11D3-BF4B-00C04F79EFBC}") = "LDCTetris", "LDCTetris\LDCTetris.csproj", "{F2B4CF88-7A6F-4876-970A-7F95B2B0D206}"
EndProject
Global
	GlobalSection(SolutionConfigurationPlatforms) = preSolution
		Debug|Any CPU = Debug|Any CPU
		Release|Any CPU = Release|Any CPU
	EndGlobalSection
	GlobalSection(ProjectConfigurationPlatforms) = postSolution
		{F2B4CF88-7A6F-4876-970A-7F95B2B0D206}.Debug|Any CPU.ActiveCfg = Debug|Any CPU
		{F2B4CF88-7A6F-4876-970A-7F95B2B0D206}.Debug|Any CPU.Build.0 = Debug|Any CPU
		{F2B4CF88-7A6F-4876-970A-7F95B2B0D206}.Release|Any CPU.ActiveCfg = Release|Any CPU
		{F2B4CF88-7A6F-4876-970A-7F95B2B0D206}.Release|Any CPU.Build.0 = Release|Any CPU
	EndGlobalSection
	GlobalSection(SolutionProperties) = preSolution
		HideSolutionNode = FALSE
	EndGlobalSection
	GlobalSection(ExtensibilityGlobals) = postSolution
		SolutionGuid = {AF7633BC-4857-4DD8-B1C0-6400C979C502}
	EndGlobalSection
EndGlobal
